
Microsoft Visual Studio Solution File, Format Version 12.00
# Visual Studio Version 17
VisualStudioVersion = 17.14.36327.8 d17.14
MinimumVisualStudioVersion = 10.0.40219.1
Project("{FAE04EC0-301F-11D3-BF4B-00C04F79EFBC}") = "WebApplication3ByJessica", "WebApplication3ByJessica\WebApplication3ByJessica.csproj", "{B9F40285-2949-44C8-9431-371CDA6E82BC}"
EndProject
Global
	GlobalSection(SolutionConfigurationPlatforms) = preSolution
		Debug|Any CPU = Debug|Any CPU
		Release|Any CPU = Release|Any CPU
	EndGlobalSection
	GlobalSection(ProjectConfigurationPlatforms) = postSolution
		{B9F40285-2949-44C8-9431-371CDA6E82BC}.Debug|Any CPU.ActiveCfg = Debug|Any CPU
		{B9F40285-2949-44C8-9431-371CDA6E82BC}.Debug|Any CPU.Build.0 = Debug|Any CPU
		{B9F40285-2949-44C8-9431-371CDA6E82BC}.Release|Any CPU.ActiveCfg = Release|Any CPU
		{B9F40285-2949-44C8-9431-371CDA6E82BC}.Release|Any CPU.Build.0 = Release|Any CPU
	EndGlobalSection
	GlobalSection(SolutionProperties) = preSolution
		HideSolutionNode = FALSE
	EndGlobalSection
	GlobalSection(ExtensibilityGlobals) = postSolution
		SolutionGuid = {13B7BE04-D026-48B4-9A37-00D69E940510}
	EndGlobalSection
EndGlobal
